Microsoft Visual Studio Solution File, Format Version 12.00
# Visual Studio Version 17
VisualStudioVersion = 17.5.2.0
MinimumVisualStudioVersion = 10.0.40219.1
Project("{FAE04EC0-301F-11D3-BF4B-00C04F79EFBC}") = "MiApiUno", "MiApiUno.csproj", "{9FC00951-1473-60B1-FA29-A64061E6054E}"
EndProject
Global
	GlobalSection(SolutionConfigurationPlatforms) = preSolution
		Debug|Any CPU = Debug|Any CPU
		Release|Any CPU = Release|Any CPU
	EndGlobalSection
	GlobalSection(ProjectConfigurationPlatforms) = postSolution
		{9FC00951-1473-60B1-FA29-A64061E6054E}.Debug|Any CPU.ActiveCfg = Debug|Any CPU
		{9FC00951-1473-60B1-FA29-A64061E6054E}.Debug|Any CPU.Build.0 = Debug|Any CPU
		{9FC00951-1473-60B1-FA29-A64061E6054E}.Release|Any CPU.ActiveCfg = Release|Any CPU
		{9FC00951-1473-60B1-FA29-A64061E6054E}.Release|Any CPU.Build.0 = Release|Any CPU
	EndGlobalSection
	GlobalSection(SolutionProperties) = preSolution
		HideSolutionNode = FALSE
	EndGlobalSection
	GlobalSection(ExtensibilityGlobals) = postSolution
		SolutionGuid = {15D70C66-E919-414D-AB85-AA96E459A700}
	EndGlobalSection
EndGlobal
