Microsoft Visual Studio Solution File, Format Version 12.00
# Visual Studio Version 17
VisualStudioVersion = 17.5.2.0
MinimumVisualStudioVersion = 10.0.40219.1
Project("{FAE04EC0-301F-11D3-BF4B-00C04F79EFBC}") = "Empleado", "Empleado.csproj", "{D895C2A3-765E-372F-556C-8B4A4528F7F3}"
EndProject
Global
	GlobalSection(SolutionConfigurationPlatforms) = preSolution
		Debug|Any CPU = Debug|Any CPU
		Release|Any CPU = Release|Any CPU
	EndGlobalSection
	GlobalSection(ProjectConfigurationPlatforms) = postSolution
		{D895C2A3-765E-372F-556C-8B4A4528F7F3}.Debug|Any CPU.ActiveCfg = Debug|Any CPU
		{D895C2A3-765E-372F-556C-8B4A4528F7F3}.Debug|Any CPU.Build.0 = Debug|Any CPU
		{D895C2A3-765E-372F-556C-8B4A4528F7F3}.Release|Any CPU.ActiveCfg = Release|Any CPU
		{D895C2A3-765E-372F-556C-8B4A4528F7F3}.Release|Any CPU.Build.0 = Release|Any CPU
	EndGlobalSection
	GlobalSection(SolutionProperties) = preSolution
		HideSolutionNode = FALSE
	EndGlobalSection
	GlobalSection(ExtensibilityGlobals) = postSolution
		SolutionGuid = {9D5EB28B-898D-4D46-A875-541F4B8B2EFB}
	EndGlobalSection
EndGlobal
